
Microsoft Visual Studio Solution File, Format Version 12.00
# Visual Studio Version 17
VisualStudioVersion = 17.0.32014.148
MinimumVisualStudioVersion = 10.0.40219.1
Project("{FAE04EC0-301F-11D3-BF4B-00C04F79EFBC}") = "WpfApp", "WpfApp\WpfApp.csproj", "{D3A82D94-2AF4-435F-B995-5CF4B7015C01}"
EndProject
Project("{FAE04EC0-301F-11D3-BF4B-00C04F79EFBC}") = "ClassLibrary", "ClassLibrary\ClassLibrary.csproj", "{B5C61C81-0626-495A-A418-732CCD48D0F6}"
	ProjectSection(ProjectDependencies) = postProject
		{A5469DE4-9B1C-42D4-8250-A3D30D8C74CE} = {A5469DE4-9B1C-42D4-8250-A3D30D8C74CE}
	EndProjectSection
EndProject
Project("{8BC9CEB8-8B4A-11D0-8D11-00A0C91BC942}") = "Splines", "Splines\Splines.vcxproj", "{A5469DE4-9B1C-42D4-8250-A3D30D8C74CE}"
EndProject
Global
	GlobalSection(SolutionConfigurationPlatforms) = preSolution
		Debug|Any CPU = Debug|Any CPU
		Debug|x64 = Debug|x64
		Debug|x86 = Debug|x86
		Release|Any CPU = Release|Any CPU
		Release|x64 = Release|x64
		Release|x86 = Release|x86
	EndGlobalSection
	GlobalSection(ProjectConfigurationPlatforms) = postSolution
		{D3A82D94-2AF4-435F-B995-5CF4B7015C01}.Debug|Any CPU.ActiveCfg = Debug|Any CPU
		{D3A82D94-2AF4-435F-B995-5CF4B7015C01}.Debug|Any CPU.Build.0 = Debug|Any CPU
		{D3A82D94-2AF4-435F-B995-5CF4B7015C01}.Debug|x64.ActiveCfg = Debug|Any CPU
		{D3A82D94-2AF4-435F-B995-5CF4B7015C01}.Debug|x64.Build.0 = Debug|Any CPU
		{D3A82D94-2AF4-435F-B995-5CF4B7015C01}.Debug|x86.ActiveCfg = Debug|Any CPU
		{D3A82D94-2AF4-435F-B995-5CF4B7015C01}.Debug|x86.Build.0 = Debug|Any CPU
		{D3A82D94-2AF4-435F-B995-5CF4B7015C01}.Release|Any CPU.ActiveCfg = Release|Any CPU
		{D3A82D94-2AF4-435F-B995-5CF4B7015C01}.Release|Any CPU.Build.0 = Release|Any CPU
		{D3A82D94-2AF4-435F-B995-5CF4B7015C01}.Release|x64.ActiveCfg = Release|Any CPU
		{D3A82D94-2AF4-435F-B995-5CF4B7015C01}.Release|x64.Build.0 = Release|Any CPU
		{D3A82D94-2AF4-435F-B995-5CF4B7015C01}.Release|x86.ActiveCfg = Release|Any CPU
		{D3A82D94-2AF4-435F-B995-5CF4B7015C01}.Release|x86.Build.0 = Release|Any CPU
		{B5C61C81-0626-495A-A418-732CCD48D0F6}.Debug|Any CPU.ActiveCfg = Debug|Any CPU
		{B5C61C81-0626-495A-A418-732CCD48D0F6}.Debug|Any CPU.Build.0 = Debug|Any CPU
		{B5C61C81-0626-495A-A418-732CCD48D0F6}.Debug|x64.ActiveCfg = Debug|Any CPU
		{B5C61C81-0626-495A-A418-732CCD48D0F6}.Debug|x64.Build.0 = Debug|Any CPU
		{B5C61C81-0626-495A-A418-732CCD48D0F6}.Debug|x86.ActiveCfg = Debug|Any CPU
		{B5C61C81-0626-495A-A418-732CCD48D0F6}.Debug|x86.Build.0 = Debug|Any CPU
		{B5C61C81-0626-495A-A418-732CCD48D0F6}.Release|Any CPU.ActiveCfg = Release|Any CPU
		{B5C61C81-0626-495A-A418-732CCD48D0F6}.Release|Any CPU.Build.0 = Release|Any CPU
		{B5C61C81-0626-495A-A418-732CCD48D0F6}.Release|x64.ActiveCfg = Release|Any CPU
		{B5C61C81-0626-495A-A418-732CCD48D0F6}.Release|x64.Build.0 = Release|Any CPU
		{B5C61C81-0626-495A-A418-732CCD48D0F6}.Release|x86.ActiveCfg = Release|Any CPU
		{B5C61C81-0626-495A-A418-732CCD48D0F6}.Release|x86.Build.0 = Release|Any CPU
		{A5469DE4-9B1C-42D4-8250-A3D30D8C74CE}.Debug|Any CPU.ActiveCfg = Debug|x64
		{A5469DE4-9B1C-42D4-8250-A3D30D8C74CE}.Debug|Any CPU.Build.0 = Debug|x64
		{A5469DE4-9B1C-42D4-8250-A3D30D8C74CE}.Debug|x64.ActiveCfg = Debug|x64
		{A5469DE4-9B1C-42D4-8250-A3D30D8C74CE}.Debug|x64.Build.0 = Debug|x64
		{A5469DE4-9B1C-42D4-8250-A3D30D8C74CE}.Debug|x86.ActiveCfg = Debug|Win32
		{A5469DE4-9B1C-42D4-8250-A3D30D8C74CE}.Debug|x86.Build.0 = Debug|Win32
		{A5469DE4-9B1C-42D4-8250-A3D30D8C74CE}.Release|Any CPU.ActiveCfg = Release|x64
		{A5469DE4-9B1C-42D4-8250-A3D30D8C74CE}.Release|Any CPU.Build.0 = Release|x64
		{A5469DE4-9B1C-42D4-8250-A3D30D8C74CE}.Release|x64.ActiveCfg = Release|x64
		{A5469DE4-9B1C-42D4-8250-A3D30D8C74CE}.Release|x64.Build.0 = Release|x64
		{A5469DE4-9B1C-42D4-8250-A3D30D8C74CE}.Release|x86.ActiveCfg = Release|Win32
		{A5469DE4-9B1C-42D4-8250-A3D30D8C74CE}.Release|x86.Build.0 = Release|Win32
	EndGlobalSection
	GlobalSection(SolutionProperties) = preSolution
		HideSolutionNode = FALSE
	EndGlobalSection
	GlobalSection(ExtensibilityGlobals) = postSolution
		SolutionGuid = {8E57335B-7CBC-4D45-BDCC-C507A5E1074C}
	EndGlobalSection
EndGlobal
